
Microsoft Visual Studio Solution File, Format Version 12.00
# Visual Studio 15
VisualStudioVersion = 15.0.28307.271
MinimumVisualStudioVersion = 10.0.40219.1
Project("{8BC9CEB8-8B4A-11D0-8D11-00A0C91BC942}") = "visiontest", "visiontest\visiontest.vcxproj", "{91C62B56-2D2F-47DF-AEF1-6B46FEE00E16}"
EndProject
Global
	GlobalSection(SolutionConfigurationPlatforms) = preSolution
		Debug|x64 = Debug|x64
		Debug|x86 = Debug|x86
		Release|x64 = Release|x64
		Release|x86 = Release|x86
	EndGlobalSection
	GlobalSection(ProjectConfigurationPlatforms) = postSolution
		{91C62B56-2D2F-47DF-AEF1-6B46FEE00E16}.Debug|x64.ActiveCfg = Debug|x64
		{91C62B56-2D2F-47DF-AEF1-6B46FEE00E16}.Debug|x64.Build.0 = Debug|x64
		{91C62B56-2D2F-47DF-AEF1-6B46FEE00E16}.Debug|x86.ActiveCfg = Debug|Win32
		{91C62B56-2D2F-47DF-AEF1-6B46FEE00E16}.Debug|x86.Build.0 = Debug|Win32
		{91C62B56-2D2F-47DF-AEF1-6B46FEE00E16}.Release|x64.ActiveCfg = Release|x64
		{91C62B56-2D2F-47DF-AEF1-6B46FEE00E16}.Release|x64.Build.0 = Release|x64
		{91C62B56-2D2F-47DF-AEF1-6B46FEE00E16}.Release|x86.ActiveCfg = Release|Win32
		{91C62B56-2D2F-47DF-AEF1-6B46FEE00E16}.Release|x86.Build.0 = Release|Win32
	EndGlobalSection
	GlobalSection(SolutionProperties) = preSolution
		HideSolutionNode = FALSE
	EndGlobalSection
	GlobalSection(ExtensibilityGlobals) = postSolution
		SolutionGuid = {9CAEACC0-E664-4C5C-A62E-21E2EE857810}
	EndGlobalSection
EndGlobal
